
Microsoft Visual Studio Solution File, Format Version 12.00
# Visual Studio Version 17
VisualStudioVersion = 17.3.32819.101
MinimumVisualStudioVersion = 10.0.40219.1
Project("{FAE04EC0-301F-11D3-BF4B-00C04F79EFBC}") = "FlightbookingApp", "FlightbookingApp\FlightbookingApp.csproj", "{8813F2E0-40BF-41E9-9BC8-21C54D91B7EA}"
EndProject
Global
	GlobalSection(SolutionConfigurationPlatforms) = preSolution
		Debug|Any CPU = Debug|Any CPU
		Release|Any CPU = Release|Any CPU
	EndGlobalSection
	GlobalSection(ProjectConfigurationPlatforms) = postSolution
		{8813F2E0-40BF-41E9-9BC8-21C54D91B7EA}.Debug|Any CPU.ActiveCfg = Debug|Any CPU
		{8813F2E0-40BF-41E9-9BC8-21C54D91B7EA}.Debug|Any CPU.Build.0 = Debug|Any CPU
		{8813F2E0-40BF-41E9-9BC8-21C54D91B7EA}.Release|Any CPU.ActiveCfg = Release|Any CPU
		{8813F2E0-40BF-41E9-9BC8-21C54D91B7EA}.Release|Any CPU.Build.0 = Release|Any CPU
	EndGlobalSection
	GlobalSection(SolutionProperties) = preSolution
		HideSolutionNode = FALSE
	EndGlobalSection
	GlobalSection(ExtensibilityGlobals) = postSolution
		SolutionGuid = {968AB265-936C-4F2F-8614-3663259DC156}
	EndGlobalSection
EndGlobal
